
Microsoft Visual Studio Solution File, Format Version 12.00
# Visual Studio 15
VisualStudioVersion = 15.0.26403.7
MinimumVisualStudioVersion = 10.0.40219.1
Project("{FAE04EC0-301F-11D3-BF4B-00C04F79EFBC}") = "FormsSkiaBikeTracker.Shared", "FormsSkiaBikeTracker\FormsSkiaBikeTracker.Shared\FormsSkiaBikeTracker.Shared.csproj", "{82BB27C7-29AB-4EE9-979B-874E82D3C321}"
EndProject
Project("{FAE04EC0-301F-11D3-BF4B-00C04F79EFBC}") = "FormsSkiaBikeTracker.Droid", "FormsSkiaBikeTracker\FormsSkiaBikeTracker.Droid\FormsSkiaBikeTracker.Droid.csproj", "{98A18CE2-F836-4191-872F-10CCBF223ED8}"
EndProject
Project("{FAE04EC0-301F-11D3-BF4B-00C04F79EFBC}") = "FormsSkiaBikeTracker.iOS", "FormsSkiaBikeTracker\FormsSkiaBikeTracker.iOS\FormsSkiaBikeTracker.iOS.csproj", "{86AC82C4-7D41-4CF5-88CA-099EB6E233A4}"
EndProject
Project("{FAE04EC0-301F-11D3-BF4B-00C04F79EFBC}") = "FormsSkiaBikeTracker.Forms.UI", "FormsSkiaBikeTracker\FormsSkiaBikeTracker.Forms.UI\FormsSkiaBikeTracker.Forms.UI.csproj", "{2CA00F2B-622E-4B8A-9CE9-1A3D09FBFB61}"
EndProject
Project("{FAE04EC0-301F-11D3-BF4B-00C04F79EFBC}") = "FormsSkiaBikeTracker.Test", "FormsSkiaBikeTracker\FormsSkiaBikeTracker.Test\FormsSkiaBikeTracker.Test.csproj", "{F3C4BECF-3DD7-45BD-A3E2-2EF326FAE1DC}"
EndProject
Global
	GlobalSection(SolutionConfigurationPlatforms) = preSolution
		Ad-Hoc|Any CPU = Ad-Hoc|Any CPU
		Ad-Hoc|iPhone = Ad-Hoc|iPhone
		Ad-Hoc|iPhoneSimulator = Ad-Hoc|iPhoneSimulator
		AppStore|Any CPU = AppStore|Any CPU
		AppStore|iPhone = AppStore|iPhone
		AppStore|iPhoneSimulator = AppStore|iPhoneSimulator
		Debug|Any CPU = Debug|Any CPU
		Debug|iPhone = Debug|iPhone
		Debug|iPhoneSimulator = Debug|iPhoneSimulator
		Release|Any CPU = Release|Any CPU
		Release|iPhone = Release|iPhone
		Release|iPhoneSimulator = Release|iPhoneSimulator
	EndGlobalSection
	GlobalSection(ProjectConfigurationPlatforms) = postSolution
		{82BB27C7-29AB-4EE9-979B-874E82D3C321}.Ad-Hoc|Any CPU.ActiveCfg = Release|Any CPU
		{82BB27C7-29AB-4EE9-979B-874E82D3C321}.Ad-Hoc|Any CPU.Build.0 = Release|Any CPU
		{82BB27C7-29AB-4EE9-979B-874E82D3C321}.Ad-Hoc|iPhone.ActiveCfg = Release|Any CPU
		{82BB27C7-29AB-4EE9-979B-874E82D3C321}.Ad-Hoc|iPhone.Build.0 = Release|Any CPU
		{82BB27C7-29AB-4EE9-979B-874E82D3C321}.Ad-Hoc|iPhoneSimulator.ActiveCfg = Release|Any CPU
		{82BB27C7-29AB-4EE9-979B-874E82D3C321}.Ad-Hoc|iPhoneSimulator.Build.0 = Release|Any CPU
		{82BB27C7-29AB-4EE9-979B-874E82D3C321}.AppStore|Any CPU.ActiveCfg = Release|Any CPU
		{82BB27C7-29AB-4EE9-979B-874E82D3C321}.AppStore|Any CPU.Build.0 = Release|Any CPU
		{82BB27C7-29AB-4EE9-979B-874E82D3C321}.AppStore|iPhone.ActiveCfg = Release|Any CPU
		{82BB27C7-29AB-4EE9-979B-874E82D3C321}.AppStore|iPhone.Build.0 = Release|Any CPU
		{82BB27C7-29AB-4EE9-979B-874E82D3C321}.AppStore|iPhoneSimulator.ActiveCfg = Release|Any CPU
		{82BB27C7-29AB-4EE9-979B-874E82D3C321}.AppStore|iPhoneSimulator.Build.0 = Release|Any CPU
		{82BB27C7-29AB-4EE9-979B-874E82D3C321}.Debug|Any CPU.ActiveCfg = Debug|Any CPU
		{82BB27C7-29AB-4EE9-979B-874E82D3C321}.Debug|Any CPU.Build.0 = Debug|Any CPU
		{82BB27C7-29AB-4EE9-979B-874E82D3C321}.Debug|iPhone.ActiveCfg = Debug|Any CPU
		{82BB27C7-29AB-4EE9-979B-874E82D3C321}.Debug|iPhone.Build.0 = Debug|Any CPU
		{82BB27C7-29AB-4EE9-979B-874E82D3C321}.Debug|iPhoneSimulator.ActiveCfg = Debug|Any CPU
		{82BB27C7-29AB-4EE9-979B-874E82D3C321}.Debug|iPhoneSimulator.Build.0 = Debug|Any CPU
		{82BB27C7-29AB-4EE9-979B-874E82D3C321}.Release|Any CPU.ActiveCfg = Release|Any CPU
		{82BB27C7-29AB-4EE9-979B-874E82D3C321}.Release|Any CPU.Build.0 = Release|Any CPU
		{82BB27C7-29AB-4EE9-979B-874E82D3C321}.Release|iPhone.ActiveCfg = Release|Any CPU
		{82BB27C7-29AB-4EE9-979B-874E82D3C321}.Release|iPhone.Build.0 = Release|Any CPU
		{82BB27C7-29AB-4EE9-979B-874E82D3C321}.Release|iPhoneSimulator.ActiveCfg = Release|Any CPU
		{82BB27C7-29AB-4EE9-979B-874E82D3C321}.Release|iPhoneSimulator.Build.0 = Release|Any CPU
		{98A18CE2-F836-4191-872F-10CCBF223ED8}.Ad-Hoc|Any CPU.ActiveCfg = Release|Any CPU
		{98A18CE2-F836-4191-872F-10CCBF223ED8}.Ad-Hoc|Any CPU.Build.0 = Release|Any CPU
		{98A18CE2-F836-4191-872F-10CCBF223ED8}.Ad-Hoc|Any CPU.Deploy.0 = Release|Any CPU
		{98A18CE2-F836-4191-872F-10CCBF223ED8}.Ad-Hoc|iPhone.ActiveCfg = Release|Any CPU
		{98A18CE2-F836-4191-872F-10CCBF223ED8}.Ad-Hoc|iPhone.Build.0 = Release|Any CPU
		{98A18CE2-F836-4191-872F-10CCBF223ED8}.Ad-Hoc|iPhone.Deploy.0 = Release|Any CPU
		{98A18CE2-F836-4191-872F-10CCBF223ED8}.Ad-Hoc|iPhoneSimulator.ActiveCfg = Release|Any CPU
		{98A18CE2-F836-4191-872F-10CCBF223ED8}.Ad-Hoc|iPhoneSimulator.Build.0 = Release|Any CPU
		{98A18CE2-F836-4191-872F-10CCBF223ED8}.Ad-Hoc|iPhoneSimulator.Deploy.0 = Release|Any CPU
		{98A18CE2-F836-4191-872F-10CCBF223ED8}.AppStore|Any CPU.ActiveCfg = Release|Any CPU
		{98A18CE2-F836-4191-872F-10CCBF223ED8}.AppStore|Any CPU.Build.0 = Release|Any CPU
		{98A18CE2-F836-4191-872F-10CCBF223ED8}.AppStore|Any CPU.Deploy.0 = Release|Any CPU
		{98A18CE2-F836-4191-872F-10CCBF223ED8}.AppStore|iPhone.ActiveCfg = Release|Any CPU
		{98A18CE2-F836-4191-872F-10CCBF223ED8}.AppStore|iPhone.Build.0 = Release|Any CPU
		{98A18CE2-F836-4191-872F-10CCBF223ED8}.AppStore|iPhone.Deploy.0 = Release|Any CPU
		{98A18CE2-F836-4191-872F-10CCBF223ED8}.AppStore|iPhoneSimulator.ActiveCfg = Release|Any CPU
		{98A18CE2-F836-4191-872F-10CCBF223ED8}.AppStore|iPhoneSimulator.Build.0 = Release|Any CPU
		{98A18CE2-F836-4191-872F-10CCBF223ED8}.AppStore|iPhoneSimulator.Deploy.0 = Release|Any CPU
		{98A18CE2-F836-4191-872F-10CCBF223ED8}.Debug|Any CPU.ActiveCfg = Debug|Any CPU
		{98A18CE2-F836-4191-872F-10CCBF223ED8}.Debug|Any CPU.Build.0 = Debug|Any CPU
		{98A18CE2-F836-4191-872F-10CCBF223ED8}.Debug|Any CPU.Deploy.0 = Debug|Any CPU
		{98A18CE2-F836-4191-872F-10CCBF223ED8}.Debug|iPhone.ActiveCfg = Debug|Any CPU
		{98A18CE2-F836-4191-872F-10CCBF223ED8}.Debug|iPhone.Build.0 = Debug|Any CPU
		{98A18CE2-F836-4191-872F-10CCBF223ED8}.Debug|iPhone.Deploy.0 = Debug|Any CPU
		{98A18CE2-F836-4191-872F-10CCBF223ED8}.Debug|iPhoneSimulator.ActiveCfg = Debug|Any CPU
		{98A18CE2-F836-4191-872F-10CCBF223ED8}.Debug|iPhoneSimulator.Build.0 = Debug|Any CPU
		{98A18CE2-F836-4191-872F-10CCBF223ED8}.Debug|iPhoneSimulator.Deploy.0 = Debug|Any CPU
		{98A18CE2-F836-4191-872F-10CCBF223ED8}.Release|Any CPU.ActiveCfg = Release|Any CPU
		{98A18CE2-F836-4191-872F-10CCBF223ED8}.Release|Any CPU.Build.0 = Release|Any CPU
		{98A18CE2-F836-4191-872F-10CCBF223ED8}.Release|Any CPU.Deploy.0 = Release|Any CPU
		{98A18CE2-F836-4191-872F-10CCBF223ED8}.Release|iPhone.ActiveCfg = Release|Any CPU
		{98A18CE2-F836-4191-872F-10CCBF223ED8}.Release|iPhone.Build.0 = Release|Any CPU
		{98A18CE2-F836-4191-872F-10CCBF223ED8}.Release|iPhone.Deploy.0 = Release|Any CPU
		{98A18CE2-F836-4191-872F-10CCBF223ED8}.Release|iPhoneSimulator.ActiveCfg = Release|Any CPU
		{98A18CE2-F836-4191-872F-10CCBF223ED8}.Release|iPhoneSimulator.Build.0 = Release|Any CPU
		{98A18CE2-F836-4191-872F-10CCBF223ED8}.Release|iPhoneSimulator.Deploy.0 = Release|Any CPU
		{86AC82C4-7D41-4CF5-88CA-099EB6E233A4}.Ad-Hoc|Any CPU.ActiveCfg = Ad-Hoc|iPhone
		{86AC82C4-7D41-4CF5-88CA-099EB6E233A4}.Ad-Hoc|iPhone.ActiveCfg = Ad-Hoc|iPhone
		{86AC82C4-7D41-4CF5-88CA-099EB6E233A4}.Ad-Hoc|iPhone.Build.0 = Ad-Hoc|iPhone
		{86AC82C4-7D41-4CF5-88CA-099EB6E233A4}.Ad-Hoc|iPhoneSimulator.ActiveCfg = Ad-Hoc|iPhoneSimulator
		{86AC82C4-7D41-4CF5-88CA-099EB6E233A4}.Ad-Hoc|iPhoneSimulator.Build.0 = Ad-Hoc|iPhoneSimulator
		{86AC82C4-7D41-4CF5-88CA-099EB6E233A4}.AppStore|Any CPU.ActiveCfg = AppStore|iPhone
		{86AC82C4-7D41-4CF5-88CA-099EB6E233A4}.AppStore|iPhone.ActiveCfg = AppStore|iPhone
		{86AC82C4-7D41-4CF5-88CA-099EB6E233A4}.AppStore|iPhone.Build.0 = AppStore|iPhone
		{86AC82C4-7D41-4CF5-88CA-099EB6E233A4}.AppStore|iPhoneSimulator.ActiveCfg = AppStore|iPhoneSimulator
		{86AC82C4-7D41-4CF5-88CA-099EB6E233A4}.AppStore|iPhoneSimulator.Build.0 = AppStore|iPhoneSimulator
		{86AC82C4-7D41-4CF5-88CA-099EB6E233A4}.Debug|Any CPU.ActiveCfg = Debug|iPhone
		{86AC82C4-7D41-4CF5-88CA-099EB6E233A4}.Debug|iPhone.ActiveCfg = Debug|iPhone
		{86AC82C4-7D41-4CF5-88CA-099EB6E233A4}.Debug|iPhone.Build.0 = Debug|iPhone
		{86AC82C4-7D41-4CF5-88CA-099EB6E233A4}.Debug|iPhoneSimulator.ActiveCfg = Debug|iPhoneSimulator
		{86AC82C4-7D41-4CF5-88CA-099EB6E233A4}.Debug|iPhoneSimulator.Build.0 = Debug|iPhoneSimulator
		{86AC82C4-7D41-4CF5-88CA-099EB6E233A4}.Release|Any CPU.ActiveCfg = Release|iPhone
		{86AC82C4-7D41-4CF5-88CA-099EB6E233A4}.Release|iPhone.ActiveCfg = Release|iPhone
		{86AC82C4-7D41-4CF5-88CA-099EB6E233A4}.Release|iPhone.Build.0 = Release|iPhone
		{86AC82C4-7D41-4CF5-88CA-099EB6E233A4}.Release|iPhoneSimulator.ActiveCfg = Release|iPhoneSimulator
		{86AC82C4-7D41-4CF5-88CA-099EB6E233A4}.Release|iPhoneSimulator.Build.0 = Release|iPhoneSimulator
		{2CA00F2B-622E-4B8A-9CE9-1A3D09FBFB61}.Ad-Hoc|Any CPU.ActiveCfg = Release|Any CPU
		{2CA00F2B-622E-4B8A-9CE9-1A3D09FBFB61}.Ad-Hoc|Any CPU.Build.0 = Release|Any CPU
		{2CA00F2B-622E-4B8A-9CE9-1A3D09FBFB61}.Ad-Hoc|iPhone.ActiveCfg = Release|Any CPU
		{2CA00F2B-622E-4B8A-9CE9-1A3D09FBFB61}.Ad-Hoc|iPhone.Build.0 = Release|Any CPU
		{2CA00F2B-622E-4B8A-9CE9-1A3D09FBFB61}.Ad-Hoc|iPhoneSimulator.ActiveCfg = Release|Any CPU
		{2CA00F2B-622E-4B8A-9CE9-1A3D09FBFB61}.Ad-Hoc|iPhoneSimulator.Build.0 = Release|Any CPU
		{2CA00F2B-622E-4B8A-9CE9-1A3D09FBFB61}.AppStore|Any CPU.ActiveCfg = Release|Any CPU
		{2CA00F2B-622E-4B8A-9CE9-1A3D09FBFB61}.AppStore|Any CPU.Build.0 = Release|Any CPU
		{2CA00F2B-622E-4B8A-9CE9-1A3D09FBFB61}.AppStore|iPhone.ActiveCfg = Release|Any CPU
		{2CA00F2B-622E-4B8A-9CE9-1A3D09FBFB61}.AppStore|iPhone.Build.0 = Release|Any CPU
		{2CA00F2B-622E-4B8A-9CE9-1A3D09FBFB61}.AppStore|iPhoneSimulator.ActiveCfg = Release|Any CPU
		{2CA00F2B-622E-4B8A-9CE9-1A3D09FBFB61}.AppStore|iPhoneSimulator.Build.0 = Release|Any CPU
		{2CA00F2B-622E-4B8A-9CE9-1A3D09FBFB61}.Debug|Any CPU.ActiveCfg = Debug|Any CPU
		{2CA00F2B-622E-4B8A-9CE9-1A3D09FBFB61}.Debug|Any CPU.Build.0 = Debug|Any CPU
		{2CA00F2B-622E-4B8A-9CE9-1A3D09FBFB61}.Debug|iPhone.ActiveCfg = Debug|Any CPU
		{2CA00F2B-622E-4B8A-9CE9-1A3D09FBFB61}.Debug|iPhone.Build.0 = Debug|Any CPU
		{2CA00F2B-622E-4B8A-9CE9-1A3D09FBFB61}.Debug|iPhoneSimulator.ActiveCfg = Debug|Any CPU
		{2CA00F2B-622E-4B8A-9CE9-1A3D09FBFB61}.Debug|iPhoneSimulator.Build.0 = Debug|Any CPU
		{2CA00F2B-622E-4B8A-9CE9-1A3D09FBFB61}.Release|Any CPU.ActiveCfg = Release|Any CPU
		{2CA00F2B-622E-4B8A-9CE9-1A3D09FBFB61}.Release|Any CPU.Build.0 = Release|Any CPU
		{2CA00F2B-622E-4B8A-9CE9-1A3D09FBFB61}.Release|iPhone.ActiveCfg = Release|Any CPU
		{2CA00F2B-622E-4B8A-9CE9-1A3D09FBFB61}.Release|iPhone.Build.0 = Release|Any CPU
		{2CA00F2B-622E-4B8A-9CE9-1A3D09FBFB61}.Release|iPhoneSimulator.ActiveCfg = Release|Any CPU
		{2CA00F2B-622E-4B8A-9CE9-1A3D09FBFB61}.Release|iPhoneSimulator.Build.0 = Release|Any CPU
		{F3C4BECF-3DD7-45BD-A3E2-2EF326FAE1DC}.Ad-Hoc|Any CPU.ActiveCfg = Release|Any CPU
		{F3C4BECF-3DD7-45BD-A3E2-2EF326FAE1DC}.Ad-Hoc|Any CPU.Build.0 = Release|Any CPU
		{F3C4BECF-3DD7-45BD-A3E2-2EF326FAE1DC}.Ad-Hoc|iPhone.ActiveCfg = Release|Any CPU
		{F3C4BECF-3DD7-45BD-A3E2-2EF326FAE1DC}.Ad-Hoc|iPhone.Build.0 = Release|Any CPU
		{F3C4BECF-3DD7-45BD-A3E2-2EF326FAE1DC}.Ad-Hoc|iPhoneSimulator.ActiveCfg = Release|Any CPU
		{F3C4BECF-3DD7-45BD-A3E2-2EF326FAE1DC}.Ad-Hoc|iPhoneSimulator.Build.0 = Release|Any CPU
		{F3C4BECF-3DD7-45BD-A3E2-2EF326FAE1DC}.AppStore|Any CPU.ActiveCfg = Release|Any CPU
		{F3C4BECF-3DD7-45BD-A3E2-2EF326FAE1DC}.AppStore|Any CPU.Build.0 = Release|Any CPU
		{F3C4BECF-3DD7-45BD-A3E2-2EF326FAE1DC}.AppStore|iPhone.ActiveCfg = Release|Any CPU
		{F3C4BECF-3DD7-45BD-A3E2-2EF326FAE1DC}.AppStore|iPhone.Build.0 = Release|Any CPU
		{F3C4BECF-3DD7-45BD-A3E2-2EF326FAE1DC}.AppStore|iPhoneSimulator.ActiveCfg = Release|Any CPU
		{F3C4BECF-3DD7-45BD-A3E2-2EF326FAE1DC}.AppStore|iPhoneSimulator.Build.0 = Release|Any CPU
		{F3C4BECF-3DD7-45BD-A3E2-2EF326FAE1DC}.Debug|Any CPU.ActiveCfg = Debug|Any CPU
		{F3C4BECF-3DD7-45BD-A3E2-2EF326FAE1DC}.Debug|Any CPU.Build.0 = Debug|Any CPU
		{F3C4BECF-3DD7-45BD-A3E2-2EF326FAE1DC}.Debug|iPhone.ActiveCfg = Debug|Any CPU
		{F3C4BECF-3DD7-45BD-A3E2-2EF326FAE1DC}.Debug|iPhone.Build.0 = Debug|Any CPU
		{F3C4BECF-3DD7-45BD-A3E2-2EF326FAE1DC}.Debug|iPhoneSimulator.ActiveCfg = Debug|Any CPU
		{F3C4BECF-3DD7-45BD-A3E2-2EF326FAE1DC}.Debug|iPhoneSimulator.Build.0 = Debug|Any CPU
		{F3C4BECF-3DD7-45BD-A3E2-2EF326FAE1DC}.Release|Any CPU.ActiveCfg = Release|Any CPU
		{F3C4BECF-3DD7-45BD-A3E2-2EF326FAE1DC}.Release|Any CPU.Build.0 = Release|Any CPU
		{F3C4BECF-3DD7-45BD-A3E2-2EF326FAE1DC}.Release|iPhone.ActiveCfg = Release|Any CPU
		{F3C4BECF-3DD7-45BD-A3E2-2EF326FAE1DC}.Release|iPhone.Build.0 = Release|Any CPU
		{F3C4BECF-3DD7-45BD-A3E2-2EF326FAE1DC}.Release|iPhoneSimulator.ActiveCfg = Release|Any CPU
		{F3C4BECF-3DD7-45BD-A3E2-2EF326FAE1DC}.Release|iPhoneSimulator.Build.0 = Release|Any CPU
	EndGlobalSection
	GlobalSection(SolutionProperties) = preSolution
		HideSolutionNode = FALSE
	EndGlobalSection
EndGlobal
