
Microsoft Visual Studio Solution File, Format Version 12.00
# Visual Studio 15
VisualStudioVersion = 15.0.26730.16
MinimumVisualStudioVersion = 10.0.40219.1
Project("{9A19103F-16F7-4668-BE54-9A1E7A4F7556}") = "Xamarin.Forms.Maps.Overlays", "Xamarin.Forms.Maps.Overlays\Xamarin.Forms.Maps.Overlays.csproj", "{C3B1E01C-D9A0-4616-8B76-0305E0777A49}"
EndProject
Project("{2150E333-8FDC-42A3-9474-1A3956D46DE8}") = "Maps", "Maps", "{813524EA-8569-49F2-8066-F44326321F2C}"
EndProject
Project("{9A19103F-16F7-4668-BE54-9A1E7A4F7556}") = "FormsSkiaBikeTracker", "FormsSkiaBikeTracker.Shared\FormsSkiaBikeTracker.csproj", "{74FB9EA6-55EC-4D1C-ABF3-6147B48F9003}"
EndProject
Project("{FAE04EC0-301F-11D3-BF4B-00C04F79EFBC}") = "FormsSkiaBikeTracker.iOS", "FormsSkiaBikeTracker.iOS\FormsSkiaBikeTracker.iOS.csproj", "{86AC82C4-7D41-4CF5-88CA-099EB6E233A4}"
EndProject
Project("{FAE04EC0-301F-11D3-BF4B-00C04F79EFBC}") = "FormsSkiaBikeTracker.Test", "FormsSkiaBikeTracker.Test\FormsSkiaBikeTracker.Test.csproj", "{F3C4BECF-3DD7-45BD-A3E2-2EF326FAE1DC}"
EndProject
Project("{9A19103F-16F7-4668-BE54-9A1E7A4F7556}") = "FormsSkiaBikeTracker.Forms", "FormsSkiaBikeTracker.Forms\FormsSkiaBikeTracker.Forms.csproj", "{40BD2756-6AD1-45B9-9ECC-C633F43A23B0}"
EndProject
Project("{FAE04EC0-301F-11D3-BF4B-00C04F79EFBC}") = "FormsSkiaBikeTracker.Droid", "FormsSkiaBikeTracker.Droid\FormsSkiaBikeTracker.Droid.csproj", "{EC80EF8E-412E-4435-BCD0-835229B4B482}"
EndProject
Global
	GlobalSection(SolutionConfigurationPlatforms) = preSolution
		Ad-Hoc|Any CPU = Ad-Hoc|Any CPU
		Ad-Hoc|iPhone = Ad-Hoc|iPhone
		Ad-Hoc|iPhoneSimulator = Ad-Hoc|iPhoneSimulator
		AppStore|Any CPU = AppStore|Any CPU
		AppStore|iPhone = AppStore|iPhone
		AppStore|iPhoneSimulator = AppStore|iPhoneSimulator
		Debug|Any CPU = Debug|Any CPU
		Debug|iPhone = Debug|iPhone
		Debug|iPhoneSimulator = Debug|iPhoneSimulator
		Release|Any CPU = Release|Any CPU
		Release|iPhone = Release|iPhone
		Release|iPhoneSimulator = Release|iPhoneSimulator
	EndGlobalSection
	GlobalSection(ProjectConfigurationPlatforms) = postSolution
		{C3B1E01C-D9A0-4616-8B76-0305E0777A49}.Ad-Hoc|Any CPU.ActiveCfg = Debug|Any CPU
		{C3B1E01C-D9A0-4616-8B76-0305E0777A49}.Ad-Hoc|Any CPU.Build.0 = Debug|Any CPU
		{C3B1E01C-D9A0-4616-8B76-0305E0777A49}.Ad-Hoc|iPhone.ActiveCfg = Debug|Any CPU
		{C3B1E01C-D9A0-4616-8B76-0305E0777A49}.Ad-Hoc|iPhone.Build.0 = Debug|Any CPU
		{C3B1E01C-D9A0-4616-8B76-0305E0777A49}.Ad-Hoc|iPhoneSimulator.ActiveCfg = Debug|Any CPU
		{C3B1E01C-D9A0-4616-8B76-0305E0777A49}.Ad-Hoc|iPhoneSimulator.Build.0 = Debug|Any CPU
		{C3B1E01C-D9A0-4616-8B76-0305E0777A49}.AppStore|Any CPU.ActiveCfg = Debug|Any CPU
		{C3B1E01C-D9A0-4616-8B76-0305E0777A49}.AppStore|Any CPU.Build.0 = Debug|Any CPU
		{C3B1E01C-D9A0-4616-8B76-0305E0777A49}.AppStore|iPhone.ActiveCfg = Debug|Any CPU
		{C3B1E01C-D9A0-4616-8B76-0305E0777A49}.AppStore|iPhone.Build.0 = Debug|Any CPU
		{C3B1E01C-D9A0-4616-8B76-0305E0777A49}.AppStore|iPhoneSimulator.ActiveCfg = Debug|Any CPU
		{C3B1E01C-D9A0-4616-8B76-0305E0777A49}.AppStore|iPhoneSimulator.Build.0 = Debug|Any CPU
		{C3B1E01C-D9A0-4616-8B76-0305E0777A49}.Debug|Any CPU.ActiveCfg = Debug|Any CPU
		{C3B1E01C-D9A0-4616-8B76-0305E0777A49}.Debug|Any CPU.Build.0 = Debug|Any CPU
		{C3B1E01C-D9A0-4616-8B76-0305E0777A49}.Debug|iPhone.ActiveCfg = Debug|Any CPU
		{C3B1E01C-D9A0-4616-8B76-0305E0777A49}.Debug|iPhone.Build.0 = Debug|Any CPU
		{C3B1E01C-D9A0-4616-8B76-0305E0777A49}.Debug|iPhoneSimulator.ActiveCfg = Debug|Any CPU
		{C3B1E01C-D9A0-4616-8B76-0305E0777A49}.Debug|iPhoneSimulator.Build.0 = Debug|Any CPU
		{C3B1E01C-D9A0-4616-8B76-0305E0777A49}.Release|Any CPU.ActiveCfg = Release|Any CPU
		{C3B1E01C-D9A0-4616-8B76-0305E0777A49}.Release|Any CPU.Build.0 = Release|Any CPU
		{C3B1E01C-D9A0-4616-8B76-0305E0777A49}.Release|iPhone.ActiveCfg = Release|Any CPU
		{C3B1E01C-D9A0-4616-8B76-0305E0777A49}.Release|iPhone.Build.0 = Release|Any CPU
		{C3B1E01C-D9A0-4616-8B76-0305E0777A49}.Release|iPhoneSimulator.ActiveCfg = Release|Any CPU
		{C3B1E01C-D9A0-4616-8B76-0305E0777A49}.Release|iPhoneSimulator.Build.0 = Release|Any CPU
		{74FB9EA6-55EC-4D1C-ABF3-6147B48F9003}.Ad-Hoc|Any CPU.ActiveCfg = Debug|Any CPU
		{74FB9EA6-55EC-4D1C-ABF3-6147B48F9003}.Ad-Hoc|Any CPU.Build.0 = Debug|Any CPU
		{74FB9EA6-55EC-4D1C-ABF3-6147B48F9003}.Ad-Hoc|iPhone.ActiveCfg = Debug|Any CPU
		{74FB9EA6-55EC-4D1C-ABF3-6147B48F9003}.Ad-Hoc|iPhone.Build.0 = Debug|Any CPU
		{74FB9EA6-55EC-4D1C-ABF3-6147B48F9003}.Ad-Hoc|iPhoneSimulator.ActiveCfg = Debug|Any CPU
		{74FB9EA6-55EC-4D1C-ABF3-6147B48F9003}.Ad-Hoc|iPhoneSimulator.Build.0 = Debug|Any CPU
		{74FB9EA6-55EC-4D1C-ABF3-6147B48F9003}.AppStore|Any CPU.ActiveCfg = Debug|Any CPU
		{74FB9EA6-55EC-4D1C-ABF3-6147B48F9003}.AppStore|Any CPU.Build.0 = Debug|Any CPU
		{74FB9EA6-55EC-4D1C-ABF3-6147B48F9003}.AppStore|iPhone.ActiveCfg = Debug|Any CPU
		{74FB9EA6-55EC-4D1C-ABF3-6147B48F9003}.AppStore|iPhone.Build.0 = Debug|Any CPU
		{74FB9EA6-55EC-4D1C-ABF3-6147B48F9003}.AppStore|iPhoneSimulator.ActiveCfg = Debug|Any CPU
		{74FB9EA6-55EC-4D1C-ABF3-6147B48F9003}.AppStore|iPhoneSimulator.Build.0 = Debug|Any CPU
		{74FB9EA6-55EC-4D1C-ABF3-6147B48F9003}.Debug|Any CPU.ActiveCfg = Debug|Any CPU
		{74FB9EA6-55EC-4D1C-ABF3-6147B48F9003}.Debug|Any CPU.Build.0 = Debug|Any CPU
		{74FB9EA6-55EC-4D1C-ABF3-6147B48F9003}.Debug|iPhone.ActiveCfg = Debug|Any CPU
		{74FB9EA6-55EC-4D1C-ABF3-6147B48F9003}.Debug|iPhone.Build.0 = Debug|Any CPU
		{74FB9EA6-55EC-4D1C-ABF3-6147B48F9003}.Debug|iPhoneSimulator.ActiveCfg = Debug|Any CPU
		{74FB9EA6-55EC-4D1C-ABF3-6147B48F9003}.Debug|iPhoneSimulator.Build.0 = Debug|Any CPU
		{74FB9EA6-55EC-4D1C-ABF3-6147B48F9003}.Release|Any CPU.ActiveCfg = Release|Any CPU
		{74FB9EA6-55EC-4D1C-ABF3-6147B48F9003}.Release|Any CPU.Build.0 = Release|Any CPU
		{74FB9EA6-55EC-4D1C-ABF3-6147B48F9003}.Release|iPhone.ActiveCfg = Release|Any CPU
		{74FB9EA6-55EC-4D1C-ABF3-6147B48F9003}.Release|iPhone.Build.0 = Release|Any CPU
		{74FB9EA6-55EC-4D1C-ABF3-6147B48F9003}.Release|iPhoneSimulator.ActiveCfg = Release|Any CPU
		{74FB9EA6-55EC-4D1C-ABF3-6147B48F9003}.Release|iPhoneSimulator.Build.0 = Release|Any CPU
		{86AC82C4-7D41-4CF5-88CA-099EB6E233A4}.Ad-Hoc|Any CPU.ActiveCfg = Ad-Hoc|iPhone
		{86AC82C4-7D41-4CF5-88CA-099EB6E233A4}.Ad-Hoc|iPhone.ActiveCfg = Ad-Hoc|iPhone
		{86AC82C4-7D41-4CF5-88CA-099EB6E233A4}.Ad-Hoc|iPhone.Build.0 = Ad-Hoc|iPhone
		{86AC82C4-7D41-4CF5-88CA-099EB6E233A4}.Ad-Hoc|iPhoneSimulator.ActiveCfg = Ad-Hoc|iPhoneSimulator
		{86AC82C4-7D41-4CF5-88CA-099EB6E233A4}.Ad-Hoc|iPhoneSimulator.Build.0 = Ad-Hoc|iPhoneSimulator
		{86AC82C4-7D41-4CF5-88CA-099EB6E233A4}.AppStore|Any CPU.ActiveCfg = AppStore|iPhone
		{86AC82C4-7D41-4CF5-88CA-099EB6E233A4}.AppStore|iPhone.ActiveCfg = AppStore|iPhone
		{86AC82C4-7D41-4CF5-88CA-099EB6E233A4}.AppStore|iPhone.Build.0 = AppStore|iPhone
		{86AC82C4-7D41-4CF5-88CA-099EB6E233A4}.AppStore|iPhoneSimulator.ActiveCfg = AppStore|iPhoneSimulator
		{86AC82C4-7D41-4CF5-88CA-099EB6E233A4}.AppStore|iPhoneSimulator.Build.0 = AppStore|iPhoneSimulator
		{86AC82C4-7D41-4CF5-88CA-099EB6E233A4}.Debug|Any CPU.ActiveCfg = Debug|iPhone
		{86AC82C4-7D41-4CF5-88CA-099EB6E233A4}.Debug|iPhone.ActiveCfg = Debug|iPhone
		{86AC82C4-7D41-4CF5-88CA-099EB6E233A4}.Debug|iPhone.Build.0 = Debug|iPhone
		{86AC82C4-7D41-4CF5-88CA-099EB6E233A4}.Debug|iPhoneSimulator.ActiveCfg = Debug|iPhoneSimulator
		{86AC82C4-7D41-4CF5-88CA-099EB6E233A4}.Debug|iPhoneSimulator.Build.0 = Debug|iPhoneSimulator
		{86AC82C4-7D41-4CF5-88CA-099EB6E233A4}.Release|Any CPU.ActiveCfg = Release|iPhone
		{86AC82C4-7D41-4CF5-88CA-099EB6E233A4}.Release|iPhone.ActiveCfg = Release|iPhone
		{86AC82C4-7D41-4CF5-88CA-099EB6E233A4}.Release|iPhone.Build.0 = Release|iPhone
		{86AC82C4-7D41-4CF5-88CA-099EB6E233A4}.Release|iPhoneSimulator.ActiveCfg = Release|iPhoneSimulator
		{86AC82C4-7D41-4CF5-88CA-099EB6E233A4}.Release|iPhoneSimulator.Build.0 = Release|iPhoneSimulator
		{F3C4BECF-3DD7-45BD-A3E2-2EF326FAE1DC}.Ad-Hoc|Any CPU.ActiveCfg = Release|Any CPU
		{F3C4BECF-3DD7-45BD-A3E2-2EF326FAE1DC}.Ad-Hoc|Any CPU.Build.0 = Release|Any CPU
		{F3C4BECF-3DD7-45BD-A3E2-2EF326FAE1DC}.Ad-Hoc|iPhone.ActiveCfg = Release|Any CPU
		{F3C4BECF-3DD7-45BD-A3E2-2EF326FAE1DC}.Ad-Hoc|iPhone.Build.0 = Release|Any CPU
		{F3C4BECF-3DD7-45BD-A3E2-2EF326FAE1DC}.Ad-Hoc|iPhoneSimulator.ActiveCfg = Release|Any CPU
		{F3C4BECF-3DD7-45BD-A3E2-2EF326FAE1DC}.Ad-Hoc|iPhoneSimulator.Build.0 = Release|Any CPU
		{F3C4BECF-3DD7-45BD-A3E2-2EF326FAE1DC}.AppStore|Any CPU.ActiveCfg = Release|Any CPU
		{F3C4BECF-3DD7-45BD-A3E2-2EF326FAE1DC}.AppStore|Any CPU.Build.0 = Release|Any CPU
		{F3C4BECF-3DD7-45BD-A3E2-2EF326FAE1DC}.AppStore|iPhone.ActiveCfg = Release|Any CPU
		{F3C4BECF-3DD7-45BD-A3E2-2EF326FAE1DC}.AppStore|iPhone.Build.0 = Release|Any CPU
		{F3C4BECF-3DD7-45BD-A3E2-2EF326FAE1DC}.AppStore|iPhoneSimulator.ActiveCfg = Release|Any CPU
		{F3C4BECF-3DD7-45BD-A3E2-2EF326FAE1DC}.AppStore|iPhoneSimulator.Build.0 = Release|Any CPU
		{F3C4BECF-3DD7-45BD-A3E2-2EF326FAE1DC}.Debug|Any CPU.ActiveCfg = Debug|Any CPU
		{F3C4BECF-3DD7-45BD-A3E2-2EF326FAE1DC}.Debug|Any CPU.Build.0 = Debug|Any CPU
		{F3C4BECF-3DD7-45BD-A3E2-2EF326FAE1DC}.Debug|iPhone.ActiveCfg = Debug|Any CPU
		{F3C4BECF-3DD7-45BD-A3E2-2EF326FAE1DC}.Debug|iPhone.Build.0 = Debug|Any CPU
		{F3C4BECF-3DD7-45BD-A3E2-2EF326FAE1DC}.Debug|iPhoneSimulator.ActiveCfg = Debug|Any CPU
		{F3C4BECF-3DD7-45BD-A3E2-2EF326FAE1DC}.Debug|iPhoneSimulator.Build.0 = Debug|Any CPU
		{F3C4BECF-3DD7-45BD-A3E2-2EF326FAE1DC}.Release|Any CPU.ActiveCfg = Release|Any CPU
		{F3C4BECF-3DD7-45BD-A3E2-2EF326FAE1DC}.Release|Any CPU.Build.0 = Release|Any CPU
		{F3C4BECF-3DD7-45BD-A3E2-2EF326FAE1DC}.Release|iPhone.ActiveCfg = Release|Any CPU
		{F3C4BECF-3DD7-45BD-A3E2-2EF326FAE1DC}.Release|iPhone.Build.0 = Release|Any CPU
		{F3C4BECF-3DD7-45BD-A3E2-2EF326FAE1DC}.Release|iPhoneSimulator.ActiveCfg = Release|Any CPU
		{F3C4BECF-3DD7-45BD-A3E2-2EF326FAE1DC}.Release|iPhoneSimulator.Build.0 = Release|Any CPU
		{40BD2756-6AD1-45B9-9ECC-C633F43A23B0}.Ad-Hoc|Any CPU.ActiveCfg = Debug|Any CPU
		{40BD2756-6AD1-45B9-9ECC-C633F43A23B0}.Ad-Hoc|Any CPU.Build.0 = Debug|Any CPU
		{40BD2756-6AD1-45B9-9ECC-C633F43A23B0}.Ad-Hoc|iPhone.ActiveCfg = Debug|Any CPU
		{40BD2756-6AD1-45B9-9ECC-C633F43A23B0}.Ad-Hoc|iPhone.Build.0 = Debug|Any CPU
		{40BD2756-6AD1-45B9-9ECC-C633F43A23B0}.Ad-Hoc|iPhoneSimulator.ActiveCfg = Debug|Any CPU
		{40BD2756-6AD1-45B9-9ECC-C633F43A23B0}.Ad-Hoc|iPhoneSimulator.Build.0 = Debug|Any CPU
		{40BD2756-6AD1-45B9-9ECC-C633F43A23B0}.AppStore|Any CPU.ActiveCfg = Debug|Any CPU
		{40BD2756-6AD1-45B9-9ECC-C633F43A23B0}.AppStore|Any CPU.Build.0 = Debug|Any CPU
		{40BD2756-6AD1-45B9-9ECC-C633F43A23B0}.AppStore|iPhone.ActiveCfg = Debug|Any CPU
		{40BD2756-6AD1-45B9-9ECC-C633F43A23B0}.AppStore|iPhone.Build.0 = Debug|Any CPU
		{40BD2756-6AD1-45B9-9ECC-C633F43A23B0}.AppStore|iPhoneSimulator.ActiveCfg = Debug|Any CPU
		{40BD2756-6AD1-45B9-9ECC-C633F43A23B0}.AppStore|iPhoneSimulator.Build.0 = Debug|Any CPU
		{40BD2756-6AD1-45B9-9ECC-C633F43A23B0}.Debug|Any CPU.ActiveCfg = Debug|Any CPU
		{40BD2756-6AD1-45B9-9ECC-C633F43A23B0}.Debug|Any CPU.Build.0 = Debug|Any CPU
		{40BD2756-6AD1-45B9-9ECC-C633F43A23B0}.Debug|iPhone.ActiveCfg = Debug|Any CPU
		{40BD2756-6AD1-45B9-9ECC-C633F43A23B0}.Debug|iPhone.Build.0 = Debug|Any CPU
		{40BD2756-6AD1-45B9-9ECC-C633F43A23B0}.Debug|iPhoneSimulator.ActiveCfg = Debug|Any CPU
		{40BD2756-6AD1-45B9-9ECC-C633F43A23B0}.Debug|iPhoneSimulator.Build.0 = Debug|Any CPU
		{40BD2756-6AD1-45B9-9ECC-C633F43A23B0}.Release|Any CPU.ActiveCfg = Release|Any CPU
		{40BD2756-6AD1-45B9-9ECC-C633F43A23B0}.Release|Any CPU.Build.0 = Release|Any CPU
		{40BD2756-6AD1-45B9-9ECC-C633F43A23B0}.Release|iPhone.ActiveCfg = Release|Any CPU
		{40BD2756-6AD1-45B9-9ECC-C633F43A23B0}.Release|iPhone.Build.0 = Release|Any CPU
		{40BD2756-6AD1-45B9-9ECC-C633F43A23B0}.Release|iPhoneSimulator.ActiveCfg = Release|Any CPU
		{40BD2756-6AD1-45B9-9ECC-C633F43A23B0}.Release|iPhoneSimulator.Build.0 = Release|Any CPU
		{EC80EF8E-412E-4435-BCD0-835229B4B482}.Ad-Hoc|Any CPU.ActiveCfg = Release|Any CPU
		{EC80EF8E-412E-4435-BCD0-835229B4B482}.Ad-Hoc|Any CPU.Build.0 = Release|Any CPU
		{EC80EF8E-412E-4435-BCD0-835229B4B482}.Ad-Hoc|Any CPU.Deploy.0 = Release|Any CPU
		{EC80EF8E-412E-4435-BCD0-835229B4B482}.Ad-Hoc|iPhone.ActiveCfg = Release|Any CPU
		{EC80EF8E-412E-4435-BCD0-835229B4B482}.Ad-Hoc|iPhone.Build.0 = Release|Any CPU
		{EC80EF8E-412E-4435-BCD0-835229B4B482}.Ad-Hoc|iPhone.Deploy.0 = Release|Any CPU
		{EC80EF8E-412E-4435-BCD0-835229B4B482}.Ad-Hoc|iPhoneSimulator.ActiveCfg = Release|Any CPU
		{EC80EF8E-412E-4435-BCD0-835229B4B482}.Ad-Hoc|iPhoneSimulator.Build.0 = Release|Any CPU
		{EC80EF8E-412E-4435-BCD0-835229B4B482}.Ad-Hoc|iPhoneSimulator.Deploy.0 = Release|Any CPU
		{EC80EF8E-412E-4435-BCD0-835229B4B482}.AppStore|Any CPU.ActiveCfg = Release|Any CPU
		{EC80EF8E-412E-4435-BCD0-835229B4B482}.AppStore|Any CPU.Build.0 = Release|Any CPU
		{EC80EF8E-412E-4435-BCD0-835229B4B482}.AppStore|Any CPU.Deploy.0 = Release|Any CPU
		{EC80EF8E-412E-4435-BCD0-835229B4B482}.AppStore|iPhone.ActiveCfg = Release|Any CPU
		{EC80EF8E-412E-4435-BCD0-835229B4B482}.AppStore|iPhone.Build.0 = Release|Any CPU
		{EC80EF8E-412E-4435-BCD0-835229B4B482}.AppStore|iPhone.Deploy.0 = Release|Any CPU
		{EC80EF8E-412E-4435-BCD0-835229B4B482}.AppStore|iPhoneSimulator.ActiveCfg = Release|Any CPU
		{EC80EF8E-412E-4435-BCD0-835229B4B482}.AppStore|iPhoneSimulator.Build.0 = Release|Any CPU
		{EC80EF8E-412E-4435-BCD0-835229B4B482}.AppStore|iPhoneSimulator.Deploy.0 = Release|Any CPU
		{EC80EF8E-412E-4435-BCD0-835229B4B482}.Debug|Any CPU.ActiveCfg = Debug|Any CPU
		{EC80EF8E-412E-4435-BCD0-835229B4B482}.Debug|Any CPU.Build.0 = Debug|Any CPU
		{EC80EF8E-412E-4435-BCD0-835229B4B482}.Debug|Any CPU.Deploy.0 = Debug|Any CPU
		{EC80EF8E-412E-4435-BCD0-835229B4B482}.Debug|iPhone.ActiveCfg = Debug|Any CPU
		{EC80EF8E-412E-4435-BCD0-835229B4B482}.Debug|iPhone.Build.0 = Debug|Any CPU
		{EC80EF8E-412E-4435-BCD0-835229B4B482}.Debug|iPhone.Deploy.0 = Debug|Any CPU
		{EC80EF8E-412E-4435-BCD0-835229B4B482}.Debug|iPhoneSimulator.ActiveCfg = Debug|Any CPU
		{EC80EF8E-412E-4435-BCD0-835229B4B482}.Debug|iPhoneSimulator.Build.0 = Debug|Any CPU
		{EC80EF8E-412E-4435-BCD0-835229B4B482}.Debug|iPhoneSimulator.Deploy.0 = Debug|Any CPU
		{EC80EF8E-412E-4435-BCD0-835229B4B482}.Release|Any CPU.ActiveCfg = Release|Any CPU
		{EC80EF8E-412E-4435-BCD0-835229B4B482}.Release|Any CPU.Build.0 = Release|Any CPU
		{EC80EF8E-412E-4435-BCD0-835229B4B482}.Release|Any CPU.Deploy.0 = Release|Any CPU
		{EC80EF8E-412E-4435-BCD0-835229B4B482}.Release|iPhone.ActiveCfg = Release|Any CPU
		{EC80EF8E-412E-4435-BCD0-835229B4B482}.Release|iPhone.Build.0 = Release|Any CPU
		{EC80EF8E-412E-4435-BCD0-835229B4B482}.Release|iPhone.Deploy.0 = Release|Any CPU
		{EC80EF8E-412E-4435-BCD0-835229B4B482}.Release|iPhoneSimulator.ActiveCfg = Release|Any CPU
		{EC80EF8E-412E-4435-BCD0-835229B4B482}.Release|iPhoneSimulator.Build.0 = Release|Any CPU
		{EC80EF8E-412E-4435-BCD0-835229B4B482}.Release|iPhoneSimulator.Deploy.0 = Release|Any CPU
	EndGlobalSection
	GlobalSection(SolutionProperties) = preSolution
		HideSolutionNode = FALSE
	EndGlobalSection
	GlobalSection(NestedProjects) = preSolution
		{C3B1E01C-D9A0-4616-8B76-0305E0777A49} = {813524EA-8569-49F2-8066-F44326321F2C}
	EndGlobalSection
	GlobalSection(ExtensibilityGlobals) = postSolution
		SolutionGuid = {23A99165-DFD7-4268-9FF0-01E96DFA9E74}
	EndGlobalSection
EndGlobal
