
Microsoft Visual Studio Solution File, Format Version 12.00
# Visual Studio 15
VisualStudioVersion = 15.0.26730.16
MinimumVisualStudioVersion = 10.0.40219.1
Project("{2150E333-8FDC-42A3-9474-1A3956D46DE8}") = "Sample", "Sample", "{407830F6-FA5F-4BFB-A816-8CB471AECE34}"
EndProject
Project("{9A19103F-16F7-4668-BE54-9A1E7A4F7556}") = "Xamarin.Forms.SKMaps.Sample", "sample\Xamarin.Forms.SKMaps.Sample.Common\Xamarin.Forms.SKMaps.Sample.csproj", "{48DC3BDE-5E7D-40C6-B682-AEDA1E64894E}"
EndProject
Project("{FAE04EC0-301F-11D3-BF4B-00C04F79EFBC}") = "Xamarin.Forms.SKMaps.Sample.Droid", "sample\Xamarin.Forms.SKMaps.Sample.Droid\Xamarin.Forms.SKMaps.Sample.Droid.csproj", "{EC80EF8E-412E-4435-BCD0-835229B4B482}"
EndProject
Project("{9A19103F-16F7-4668-BE54-9A1E7A4F7556}") = "Xamarin.Forms.SKMaps.Sample.Forms", "sample\Xamarin.Forms.SKMaps.Sample.Forms\Xamarin.Forms.SKMaps.Sample.Forms.csproj", "{37DF1052-C719-4EC3-BE0F-F8E115A23661}"
EndProject
Project("{FAE04EC0-301F-11D3-BF4B-00C04F79EFBC}") = "Xamarin.Forms.SKMaps.Sample.iOS", "sample\Xamarin.Forms.SKMaps.Sample.iOS\Xamarin.Forms.SKMaps.Sample.iOS.csproj", "{86AC82C4-7D41-4CF5-88CA-099EB6E233A4}"
EndProject
Project("{2150E333-8FDC-42A3-9474-1A3956D46DE8}") = "Tests", "Tests", "{9991CC4F-EA24-4CC3-A711-1C742558157A}"
EndProject
Project("{FAE04EC0-301F-11D3-BF4B-00C04F79EFBC}") = "Xamarin.Forms.SKMaps.Test", "tests\Xamarin.Forms.SKMaps.Tests\Xamarin.Forms.SKMaps.Test.csproj", "{F3C4BECF-3DD7-45BD-A3E2-2EF326FAE1DC}"
	ProjectSection(ProjectDependencies) = postProject
		{EC80EF8E-412E-4435-BCD0-835229B4B482} = {EC80EF8E-412E-4435-BCD0-835229B4B482}
		{86AC82C4-7D41-4CF5-88CA-099EB6E233A4} = {86AC82C4-7D41-4CF5-88CA-099EB6E233A4}
	EndProjectSection
EndProject
Project("{9A19103F-16F7-4668-BE54-9A1E7A4F7556}") = "Xamarin.Forms.SKMaps", "src\Xamarin.Forms.SKMaps\Xamarin.Forms.SKMaps.csproj", "{A174F576-C01B-434B-9398-E5BC04535243}"
EndProject
Global
	GlobalSection(SolutionConfigurationPlatforms) = preSolution
		Ad-Hoc|Any CPU = Ad-Hoc|Any CPU
		Ad-Hoc|iPhone = Ad-Hoc|iPhone
		Ad-Hoc|iPhoneSimulator = Ad-Hoc|iPhoneSimulator
		AppStore|Any CPU = AppStore|Any CPU
		AppStore|iPhone = AppStore|iPhone
		AppStore|iPhoneSimulator = AppStore|iPhoneSimulator
		Debug|Any CPU = Debug|Any CPU
		Debug|iPhone = Debug|iPhone
		Debug|iPhoneSimulator = Debug|iPhoneSimulator
		Release|Any CPU = Release|Any CPU
		Release|iPhone = Release|iPhone
		Release|iPhoneSimulator = Release|iPhoneSimulator
	EndGlobalSection
	GlobalSection(ProjectConfigurationPlatforms) = postSolution
		{48DC3BDE-5E7D-40C6-B682-AEDA1E64894E}.Ad-Hoc|Any CPU.ActiveCfg = Release|Any CPU
		{48DC3BDE-5E7D-40C6-B682-AEDA1E64894E}.Ad-Hoc|Any CPU.Build.0 = Release|Any CPU
		{48DC3BDE-5E7D-40C6-B682-AEDA1E64894E}.Ad-Hoc|iPhone.ActiveCfg = Release|Any CPU
		{48DC3BDE-5E7D-40C6-B682-AEDA1E64894E}.Ad-Hoc|iPhone.Build.0 = Release|Any CPU
		{48DC3BDE-5E7D-40C6-B682-AEDA1E64894E}.Ad-Hoc|iPhoneSimulator.ActiveCfg = Release|Any CPU
		{48DC3BDE-5E7D-40C6-B682-AEDA1E64894E}.Ad-Hoc|iPhoneSimulator.Build.0 = Release|Any CPU
		{48DC3BDE-5E7D-40C6-B682-AEDA1E64894E}.AppStore|Any CPU.ActiveCfg = Release|Any CPU
		{48DC3BDE-5E7D-40C6-B682-AEDA1E64894E}.AppStore|Any CPU.Build.0 = Release|Any CPU
		{48DC3BDE-5E7D-40C6-B682-AEDA1E64894E}.AppStore|iPhone.ActiveCfg = Release|Any CPU
		{48DC3BDE-5E7D-40C6-B682-AEDA1E64894E}.AppStore|iPhone.Build.0 = Release|Any CPU
		{48DC3BDE-5E7D-40C6-B682-AEDA1E64894E}.AppStore|iPhoneSimulator.ActiveCfg = Release|Any CPU
		{48DC3BDE-5E7D-40C6-B682-AEDA1E64894E}.AppStore|iPhoneSimulator.Build.0 = Release|Any CPU
		{48DC3BDE-5E7D-40C6-B682-AEDA1E64894E}.Debug|Any CPU.ActiveCfg = Debug|Any CPU
		{48DC3BDE-5E7D-40C6-B682-AEDA1E64894E}.Debug|Any CPU.Build.0 = Debug|Any CPU
		{48DC3BDE-5E7D-40C6-B682-AEDA1E64894E}.Debug|iPhone.ActiveCfg = Debug|Any CPU
		{48DC3BDE-5E7D-40C6-B682-AEDA1E64894E}.Debug|iPhone.Build.0 = Debug|Any CPU
		{48DC3BDE-5E7D-40C6-B682-AEDA1E64894E}.Debug|iPhoneSimulator.ActiveCfg = Debug|Any CPU
		{48DC3BDE-5E7D-40C6-B682-AEDA1E64894E}.Debug|iPhoneSimulator.Build.0 = Debug|Any CPU
		{48DC3BDE-5E7D-40C6-B682-AEDA1E64894E}.Release|Any CPU.ActiveCfg = Release|Any CPU
		{48DC3BDE-5E7D-40C6-B682-AEDA1E64894E}.Release|Any CPU.Build.0 = Release|Any CPU
		{48DC3BDE-5E7D-40C6-B682-AEDA1E64894E}.Release|iPhone.ActiveCfg = Release|Any CPU
		{48DC3BDE-5E7D-40C6-B682-AEDA1E64894E}.Release|iPhone.Build.0 = Release|Any CPU
		{48DC3BDE-5E7D-40C6-B682-AEDA1E64894E}.Release|iPhoneSimulator.ActiveCfg = Release|Any CPU
		{48DC3BDE-5E7D-40C6-B682-AEDA1E64894E}.Release|iPhoneSimulator.Build.0 = Release|Any CPU
		{EC80EF8E-412E-4435-BCD0-835229B4B482}.Ad-Hoc|Any CPU.ActiveCfg = Release|Any CPU
		{EC80EF8E-412E-4435-BCD0-835229B4B482}.Ad-Hoc|Any CPU.Build.0 = Release|Any CPU
		{EC80EF8E-412E-4435-BCD0-835229B4B482}.Ad-Hoc|Any CPU.Deploy.0 = Release|Any CPU
		{EC80EF8E-412E-4435-BCD0-835229B4B482}.Ad-Hoc|iPhone.ActiveCfg = Release|Any CPU
		{EC80EF8E-412E-4435-BCD0-835229B4B482}.Ad-Hoc|iPhone.Build.0 = Release|Any CPU
		{EC80EF8E-412E-4435-BCD0-835229B4B482}.Ad-Hoc|iPhone.Deploy.0 = Release|Any CPU
		{EC80EF8E-412E-4435-BCD0-835229B4B482}.Ad-Hoc|iPhoneSimulator.ActiveCfg = Release|Any CPU
		{EC80EF8E-412E-4435-BCD0-835229B4B482}.Ad-Hoc|iPhoneSimulator.Build.0 = Release|Any CPU
		{EC80EF8E-412E-4435-BCD0-835229B4B482}.Ad-Hoc|iPhoneSimulator.Deploy.0 = Release|Any CPU
		{EC80EF8E-412E-4435-BCD0-835229B4B482}.AppStore|Any CPU.ActiveCfg = Release|Any CPU
		{EC80EF8E-412E-4435-BCD0-835229B4B482}.AppStore|Any CPU.Build.0 = Release|Any CPU
		{EC80EF8E-412E-4435-BCD0-835229B4B482}.AppStore|Any CPU.Deploy.0 = Release|Any CPU
		{EC80EF8E-412E-4435-BCD0-835229B4B482}.AppStore|iPhone.ActiveCfg = Release|Any CPU
		{EC80EF8E-412E-4435-BCD0-835229B4B482}.AppStore|iPhone.Build.0 = Release|Any CPU
		{EC80EF8E-412E-4435-BCD0-835229B4B482}.AppStore|iPhone.Deploy.0 = Release|Any CPU
		{EC80EF8E-412E-4435-BCD0-835229B4B482}.AppStore|iPhoneSimulator.ActiveCfg = Release|Any CPU
		{EC80EF8E-412E-4435-BCD0-835229B4B482}.AppStore|iPhoneSimulator.Build.0 = Release|Any CPU
		{EC80EF8E-412E-4435-BCD0-835229B4B482}.AppStore|iPhoneSimulator.Deploy.0 = Release|Any CPU
		{EC80EF8E-412E-4435-BCD0-835229B4B482}.Debug|Any CPU.ActiveCfg = Debug|Any CPU
		{EC80EF8E-412E-4435-BCD0-835229B4B482}.Debug|Any CPU.Build.0 = Debug|Any CPU
		{EC80EF8E-412E-4435-BCD0-835229B4B482}.Debug|Any CPU.Deploy.0 = Debug|Any CPU
		{EC80EF8E-412E-4435-BCD0-835229B4B482}.Debug|iPhone.ActiveCfg = Debug|Any CPU
		{EC80EF8E-412E-4435-BCD0-835229B4B482}.Debug|iPhone.Build.0 = Debug|Any CPU
		{EC80EF8E-412E-4435-BCD0-835229B4B482}.Debug|iPhone.Deploy.0 = Debug|Any CPU
		{EC80EF8E-412E-4435-BCD0-835229B4B482}.Debug|iPhoneSimulator.ActiveCfg = Debug|Any CPU
		{EC80EF8E-412E-4435-BCD0-835229B4B482}.Debug|iPhoneSimulator.Build.0 = Debug|Any CPU
		{EC80EF8E-412E-4435-BCD0-835229B4B482}.Debug|iPhoneSimulator.Deploy.0 = Debug|Any CPU
		{EC80EF8E-412E-4435-BCD0-835229B4B482}.Release|Any CPU.ActiveCfg = Release|Any CPU
		{EC80EF8E-412E-4435-BCD0-835229B4B482}.Release|Any CPU.Build.0 = Release|Any CPU
		{EC80EF8E-412E-4435-BCD0-835229B4B482}.Release|Any CPU.Deploy.0 = Release|Any CPU
		{EC80EF8E-412E-4435-BCD0-835229B4B482}.Release|iPhone.ActiveCfg = Release|Any CPU
		{EC80EF8E-412E-4435-BCD0-835229B4B482}.Release|iPhone.Build.0 = Release|Any CPU
		{EC80EF8E-412E-4435-BCD0-835229B4B482}.Release|iPhone.Deploy.0 = Release|Any CPU
		{EC80EF8E-412E-4435-BCD0-835229B4B482}.Release|iPhoneSimulator.ActiveCfg = Release|Any CPU
		{EC80EF8E-412E-4435-BCD0-835229B4B482}.Release|iPhoneSimulator.Build.0 = Release|Any CPU
		{EC80EF8E-412E-4435-BCD0-835229B4B482}.Release|iPhoneSimulator.Deploy.0 = Release|Any CPU
		{37DF1052-C719-4EC3-BE0F-F8E115A23661}.Ad-Hoc|Any CPU.ActiveCfg = Debug|Any CPU
		{37DF1052-C719-4EC3-BE0F-F8E115A23661}.Ad-Hoc|Any CPU.Build.0 = Debug|Any CPU
		{37DF1052-C719-4EC3-BE0F-F8E115A23661}.Ad-Hoc|iPhone.ActiveCfg = Debug|Any CPU
		{37DF1052-C719-4EC3-BE0F-F8E115A23661}.Ad-Hoc|iPhone.Build.0 = Debug|Any CPU
		{37DF1052-C719-4EC3-BE0F-F8E115A23661}.Ad-Hoc|iPhoneSimulator.ActiveCfg = Debug|Any CPU
		{37DF1052-C719-4EC3-BE0F-F8E115A23661}.Ad-Hoc|iPhoneSimulator.Build.0 = Debug|Any CPU
		{37DF1052-C719-4EC3-BE0F-F8E115A23661}.AppStore|Any CPU.ActiveCfg = Debug|Any CPU
		{37DF1052-C719-4EC3-BE0F-F8E115A23661}.AppStore|Any CPU.Build.0 = Debug|Any CPU
		{37DF1052-C719-4EC3-BE0F-F8E115A23661}.AppStore|iPhone.ActiveCfg = Debug|Any CPU
		{37DF1052-C719-4EC3-BE0F-F8E115A23661}.AppStore|iPhone.Build.0 = Debug|Any CPU
		{37DF1052-C719-4EC3-BE0F-F8E115A23661}.AppStore|iPhoneSimulator.ActiveCfg = Debug|Any CPU
		{37DF1052-C719-4EC3-BE0F-F8E115A23661}.AppStore|iPhoneSimulator.Build.0 = Debug|Any CPU
		{37DF1052-C719-4EC3-BE0F-F8E115A23661}.Debug|Any CPU.ActiveCfg = Debug|Any CPU
		{37DF1052-C719-4EC3-BE0F-F8E115A23661}.Debug|Any CPU.Build.0 = Debug|Any CPU
		{37DF1052-C719-4EC3-BE0F-F8E115A23661}.Debug|iPhone.ActiveCfg = Debug|Any CPU
		{37DF1052-C719-4EC3-BE0F-F8E115A23661}.Debug|iPhone.Build.0 = Debug|Any CPU
		{37DF1052-C719-4EC3-BE0F-F8E115A23661}.Debug|iPhoneSimulator.ActiveCfg = Debug|Any CPU
		{37DF1052-C719-4EC3-BE0F-F8E115A23661}.Debug|iPhoneSimulator.Build.0 = Debug|Any CPU
		{37DF1052-C719-4EC3-BE0F-F8E115A23661}.Release|Any CPU.ActiveCfg = Release|Any CPU
		{37DF1052-C719-4EC3-BE0F-F8E115A23661}.Release|Any CPU.Build.0 = Release|Any CPU
		{37DF1052-C719-4EC3-BE0F-F8E115A23661}.Release|iPhone.ActiveCfg = Release|Any CPU
		{37DF1052-C719-4EC3-BE0F-F8E115A23661}.Release|iPhone.Build.0 = Release|Any CPU
		{37DF1052-C719-4EC3-BE0F-F8E115A23661}.Release|iPhoneSimulator.ActiveCfg = Release|Any CPU
		{37DF1052-C719-4EC3-BE0F-F8E115A23661}.Release|iPhoneSimulator.Build.0 = Release|Any CPU
		{86AC82C4-7D41-4CF5-88CA-099EB6E233A4}.Ad-Hoc|Any CPU.ActiveCfg = Ad-Hoc|iPhone
		{86AC82C4-7D41-4CF5-88CA-099EB6E233A4}.Ad-Hoc|iPhone.ActiveCfg = Ad-Hoc|iPhone
		{86AC82C4-7D41-4CF5-88CA-099EB6E233A4}.Ad-Hoc|iPhone.Build.0 = Ad-Hoc|iPhone
		{86AC82C4-7D41-4CF5-88CA-099EB6E233A4}.Ad-Hoc|iPhoneSimulator.ActiveCfg = Ad-Hoc|iPhoneSimulator
		{86AC82C4-7D41-4CF5-88CA-099EB6E233A4}.Ad-Hoc|iPhoneSimulator.Build.0 = Ad-Hoc|iPhoneSimulator
		{86AC82C4-7D41-4CF5-88CA-099EB6E233A4}.AppStore|Any CPU.ActiveCfg = AppStore|iPhone
		{86AC82C4-7D41-4CF5-88CA-099EB6E233A4}.AppStore|iPhone.ActiveCfg = AppStore|iPhone
		{86AC82C4-7D41-4CF5-88CA-099EB6E233A4}.AppStore|iPhone.Build.0 = AppStore|iPhone
		{86AC82C4-7D41-4CF5-88CA-099EB6E233A4}.AppStore|iPhoneSimulator.ActiveCfg = AppStore|iPhoneSimulator
		{86AC82C4-7D41-4CF5-88CA-099EB6E233A4}.AppStore|iPhoneSimulator.Build.0 = AppStore|iPhoneSimulator
		{86AC82C4-7D41-4CF5-88CA-099EB6E233A4}.Debug|Any CPU.ActiveCfg = Debug|iPhone
		{86AC82C4-7D41-4CF5-88CA-099EB6E233A4}.Debug|iPhone.ActiveCfg = Debug|iPhone
		{86AC82C4-7D41-4CF5-88CA-099EB6E233A4}.Debug|iPhone.Build.0 = Debug|iPhone
		{86AC82C4-7D41-4CF5-88CA-099EB6E233A4}.Debug|iPhoneSimulator.ActiveCfg = Debug|iPhoneSimulator
		{86AC82C4-7D41-4CF5-88CA-099EB6E233A4}.Debug|iPhoneSimulator.Build.0 = Debug|iPhoneSimulator
		{86AC82C4-7D41-4CF5-88CA-099EB6E233A4}.Release|Any CPU.ActiveCfg = Release|iPhone
		{86AC82C4-7D41-4CF5-88CA-099EB6E233A4}.Release|iPhone.ActiveCfg = Release|iPhone
		{86AC82C4-7D41-4CF5-88CA-099EB6E233A4}.Release|iPhone.Build.0 = Release|iPhone
		{86AC82C4-7D41-4CF5-88CA-099EB6E233A4}.Release|iPhoneSimulator.ActiveCfg = Release|iPhoneSimulator
		{86AC82C4-7D41-4CF5-88CA-099EB6E233A4}.Release|iPhoneSimulator.Build.0 = Release|iPhoneSimulator
		{F3C4BECF-3DD7-45BD-A3E2-2EF326FAE1DC}.Ad-Hoc|Any CPU.ActiveCfg = Release|Any CPU
		{F3C4BECF-3DD7-45BD-A3E2-2EF326FAE1DC}.Ad-Hoc|Any CPU.Build.0 = Release|Any CPU
		{F3C4BECF-3DD7-45BD-A3E2-2EF326FAE1DC}.Ad-Hoc|iPhone.ActiveCfg = Release|Any CPU
		{F3C4BECF-3DD7-45BD-A3E2-2EF326FAE1DC}.Ad-Hoc|iPhone.Build.0 = Release|Any CPU
		{F3C4BECF-3DD7-45BD-A3E2-2EF326FAE1DC}.Ad-Hoc|iPhoneSimulator.ActiveCfg = Release|Any CPU
		{F3C4BECF-3DD7-45BD-A3E2-2EF326FAE1DC}.Ad-Hoc|iPhoneSimulator.Build.0 = Release|Any CPU
		{F3C4BECF-3DD7-45BD-A3E2-2EF326FAE1DC}.AppStore|Any CPU.ActiveCfg = Release|Any CPU
		{F3C4BECF-3DD7-45BD-A3E2-2EF326FAE1DC}.AppStore|Any CPU.Build.0 = Release|Any CPU
		{F3C4BECF-3DD7-45BD-A3E2-2EF326FAE1DC}.AppStore|iPhone.ActiveCfg = Release|Any CPU
		{F3C4BECF-3DD7-45BD-A3E2-2EF326FAE1DC}.AppStore|iPhone.Build.0 = Release|Any CPU
		{F3C4BECF-3DD7-45BD-A3E2-2EF326FAE1DC}.AppStore|iPhoneSimulator.ActiveCfg = Release|Any CPU
		{F3C4BECF-3DD7-45BD-A3E2-2EF326FAE1DC}.AppStore|iPhoneSimulator.Build.0 = Release|Any CPU
		{F3C4BECF-3DD7-45BD-A3E2-2EF326FAE1DC}.Debug|Any CPU.ActiveCfg = Debug|Any CPU
		{F3C4BECF-3DD7-45BD-A3E2-2EF326FAE1DC}.Debug|Any CPU.Build.0 = Debug|Any CPU
		{F3C4BECF-3DD7-45BD-A3E2-2EF326FAE1DC}.Debug|iPhone.ActiveCfg = Debug|Any CPU
		{F3C4BECF-3DD7-45BD-A3E2-2EF326FAE1DC}.Debug|iPhone.Build.0 = Debug|Any CPU
		{F3C4BECF-3DD7-45BD-A3E2-2EF326FAE1DC}.Debug|iPhoneSimulator.ActiveCfg = Debug|Any CPU
		{F3C4BECF-3DD7-45BD-A3E2-2EF326FAE1DC}.Debug|iPhoneSimulator.Build.0 = Debug|Any CPU
		{F3C4BECF-3DD7-45BD-A3E2-2EF326FAE1DC}.Release|Any CPU.ActiveCfg = Release|Any CPU
		{F3C4BECF-3DD7-45BD-A3E2-2EF326FAE1DC}.Release|Any CPU.Build.0 = Release|Any CPU
		{F3C4BECF-3DD7-45BD-A3E2-2EF326FAE1DC}.Release|iPhone.ActiveCfg = Release|Any CPU
		{F3C4BECF-3DD7-45BD-A3E2-2EF326FAE1DC}.Release|iPhone.Build.0 = Release|Any CPU
		{F3C4BECF-3DD7-45BD-A3E2-2EF326FAE1DC}.Release|iPhoneSimulator.ActiveCfg = Release|Any CPU
		{F3C4BECF-3DD7-45BD-A3E2-2EF326FAE1DC}.Release|iPhoneSimulator.Build.0 = Release|Any CPU
		{A174F576-C01B-434B-9398-E5BC04535243}.Ad-Hoc|Any CPU.ActiveCfg = Debug|Any CPU
		{A174F576-C01B-434B-9398-E5BC04535243}.Ad-Hoc|Any CPU.Build.0 = Debug|Any CPU
		{A174F576-C01B-434B-9398-E5BC04535243}.Ad-Hoc|iPhone.ActiveCfg = Debug|Any CPU
		{A174F576-C01B-434B-9398-E5BC04535243}.Ad-Hoc|iPhone.Build.0 = Debug|Any CPU
		{A174F576-C01B-434B-9398-E5BC04535243}.Ad-Hoc|iPhoneSimulator.ActiveCfg = Debug|Any CPU
		{A174F576-C01B-434B-9398-E5BC04535243}.Ad-Hoc|iPhoneSimulator.Build.0 = Debug|Any CPU
		{A174F576-C01B-434B-9398-E5BC04535243}.AppStore|Any CPU.ActiveCfg = Debug|Any CPU
		{A174F576-C01B-434B-9398-E5BC04535243}.AppStore|Any CPU.Build.0 = Debug|Any CPU
		{A174F576-C01B-434B-9398-E5BC04535243}.AppStore|iPhone.ActiveCfg = Debug|Any CPU
		{A174F576-C01B-434B-9398-E5BC04535243}.AppStore|iPhone.Build.0 = Debug|Any CPU
		{A174F576-C01B-434B-9398-E5BC04535243}.AppStore|iPhoneSimulator.ActiveCfg = Debug|Any CPU
		{A174F576-C01B-434B-9398-E5BC04535243}.AppStore|iPhoneSimulator.Build.0 = Debug|Any CPU
		{A174F576-C01B-434B-9398-E5BC04535243}.Debug|Any CPU.ActiveCfg = Debug|Any CPU
		{A174F576-C01B-434B-9398-E5BC04535243}.Debug|Any CPU.Build.0 = Debug|Any CPU
		{A174F576-C01B-434B-9398-E5BC04535243}.Debug|iPhone.ActiveCfg = Debug|Any CPU
		{A174F576-C01B-434B-9398-E5BC04535243}.Debug|iPhone.Build.0 = Debug|Any CPU
		{A174F576-C01B-434B-9398-E5BC04535243}.Debug|iPhoneSimulator.ActiveCfg = Debug|Any CPU
		{A174F576-C01B-434B-9398-E5BC04535243}.Debug|iPhoneSimulator.Build.0 = Debug|Any CPU
		{A174F576-C01B-434B-9398-E5BC04535243}.Release|Any CPU.ActiveCfg = Release|Any CPU
		{A174F576-C01B-434B-9398-E5BC04535243}.Release|Any CPU.Build.0 = Release|Any CPU
		{A174F576-C01B-434B-9398-E5BC04535243}.Release|iPhone.ActiveCfg = Release|Any CPU
		{A174F576-C01B-434B-9398-E5BC04535243}.Release|iPhone.Build.0 = Release|Any CPU
		{A174F576-C01B-434B-9398-E5BC04535243}.Release|iPhoneSimulator.ActiveCfg = Release|Any CPU
		{A174F576-C01B-434B-9398-E5BC04535243}.Release|iPhoneSimulator.Build.0 = Release|Any CPU
	EndGlobalSection
	GlobalSection(SolutionProperties) = preSolution
		HideSolutionNode = FALSE
	EndGlobalSection
	GlobalSection(NestedProjects) = preSolution
		{48DC3BDE-5E7D-40C6-B682-AEDA1E64894E} = {407830F6-FA5F-4BFB-A816-8CB471AECE34}
		{EC80EF8E-412E-4435-BCD0-835229B4B482} = {407830F6-FA5F-4BFB-A816-8CB471AECE34}
		{37DF1052-C719-4EC3-BE0F-F8E115A23661} = {407830F6-FA5F-4BFB-A816-8CB471AECE34}
		{86AC82C4-7D41-4CF5-88CA-099EB6E233A4} = {407830F6-FA5F-4BFB-A816-8CB471AECE34}
		{F3C4BECF-3DD7-45BD-A3E2-2EF326FAE1DC} = {9991CC4F-EA24-4CC3-A711-1C742558157A}
	EndGlobalSection
	GlobalSection(ExtensibilityGlobals) = postSolution
		SolutionGuid = {23A99165-DFD7-4268-9FF0-01E96DFA9E74}
	EndGlobalSection
EndGlobal
